
Microsoft Visual Studio Solution File, Format Version 12.00
# Visual Studio 15
Project("{FAE04EC0-301F-11D3-BF4B-00C04F79EFBC}") = "LunarConsole", "LunarConsole.csproj", "{43D2A389-756E-B34B-C2C8-86C93986F39E}"
EndProject
Project("{FAE04EC0-301F-11D3-BF4B-00C04F79EFBC}") = "LunarConsoleEditor", "LunarConsoleEditor.csproj", "{CD6F00A0-B19E-1181-9679-A4CA924FE2A3}"
EndProject
Project("{FAE04EC0-301F-11D3-BF4B-00C04F79EFBC}") = "Assembly-CSharp", "Assembly-CSharp.csproj", "{21B698D6-DA81-BFE5-7C0E-7A882989AB25}"
EndProject
Global
	GlobalSection(SolutionConfigurationPlatforms) = preSolution
		Debug|Any CPU = Debug|Any CPU
		Release|Any CPU = Release|Any CPU
	EndGlobalSection
	GlobalSection(ProjectConfigurationPlatforms) = postSolution
		{43D2A389-756E-B34B-C2C8-86C93986F39E}.Debug|Any CPU.ActiveCfg = Debug|Any CPU
		{43D2A389-756E-B34B-C2C8-86C93986F39E}.Debug|Any CPU.Build.0 = Debug|Any CPU
		{43D2A389-756E-B34B-C2C8-86C93986F39E}.Release|Any CPU.ActiveCfg = Release|Any CPU
		{43D2A389-756E-B34B-C2C8-86C93986F39E}.Release|Any CPU.Build.0 = Release|Any CPU
		{CD6F00A0-B19E-1181-9679-A4CA924FE2A3}.Debug|Any CPU.ActiveCfg = Debug|Any CPU
		{CD6F00A0-B19E-1181-9679-A4CA924FE2A3}.Debug|Any CPU.Build.0 = Debug|Any CPU
		{CD6F00A0-B19E-1181-9679-A4CA924FE2A3}.Release|Any CPU.ActiveCfg = Release|Any CPU
		{CD6F00A0-B19E-1181-9679-A4CA924FE2A3}.Release|Any CPU.Build.0 = Release|Any CPU
		{21B698D6-DA81-BFE5-7C0E-7A882989AB25}.Debug|Any CPU.ActiveCfg = Debug|Any CPU
		{21B698D6-DA81-BFE5-7C0E-7A882989AB25}.Debug|Any CPU.Build.0 = Debug|Any CPU
		{21B698D6-DA81-BFE5-7C0E-7A882989AB25}.Release|Any CPU.ActiveCfg = Release|Any CPU
		{21B698D6-DA81-BFE5-7C0E-7A882989AB25}.Release|Any CPU.Build.0 = Release|Any CPU
	EndGlobalSection
	GlobalSection(SolutionProperties) = preSolution
		HideSolutionNode = FALSE
	EndGlobalSection
EndGlobal
